
Microsoft Visual Studio Solution File, Format Version 12.00
# Visual Studio Version 17
VisualStudioVersion = 17.6.33712.159
MinimumVisualStudioVersion = 10.0.40219.1
Project("{FAE04EC0-301F-11D3-BF4B-00C04F79EFBC}") = "PlayerApp", "PlayerApp\PlayerApp.csproj", "{0D548E69-90B4-4ADF-A7A7-2D39D4DF3FD7}"
EndProject
Global
	GlobalSection(SolutionConfigurationPlatforms) = preSolution
		Debug|Any CPU = Debug|Any CPU
		Release|Any CPU = Release|Any CPU
	EndGlobalSection
	GlobalSection(ProjectConfigurationPlatforms) = postSolution
		{0D548E69-90B4-4ADF-A7A7-2D39D4DF3FD7}.Debug|Any CPU.ActiveCfg = Debug|Any CPU
		{0D548E69-90B4-4ADF-A7A7-2D39D4DF3FD7}.Debug|Any CPU.Build.0 = Debug|Any CPU
		{0D548E69-90B4-4ADF-A7A7-2D39D4DF3FD7}.Release|Any CPU.ActiveCfg = Release|Any CPU
		{0D548E69-90B4-4ADF-A7A7-2D39D4DF3FD7}.Release|Any CPU.Build.0 = Release|Any CPU
	EndGlobalSection
	GlobalSection(SolutionProperties) = preSolution
		HideSolutionNode = FALSE
	EndGlobalSection
	GlobalSection(ExtensibilityGlobals) = postSolution
		SolutionGuid = {6CAC77C1-3656-4F71-8C42-7A4A2364C146}
	EndGlobalSection
EndGlobal
